
Microsoft Visual Studio Solution File, Format Version 12.00
# Visual Studio Version 17
VisualStudioVersion = 17.7.34221.43
MinimumVisualStudioVersion = 10.0.40219.1
Project("{9A19103F-16F7-4668-BE54-9A1E7A4F7556}") = "WebAPI", "WebAPI\WebAPI.csproj", "{57181C2D-A66F-494B-91C1-FD5F4F2EE68F}"
EndProject
Project("{9A19103F-16F7-4668-BE54-9A1E7A4F7556}") = "Tests", "Tests\Tests.csproj", "{31F42EBA-5F7C-44F9-BD59-4E53C4987189}"
EndProject
Project("{9A19103F-16F7-4668-BE54-9A1E7A4F7556}") = "Core", "Core\Core.csproj", "{6CB11CEF-602A-43B8-89A8-CA807FF0F1ED}"
EndProject
Project("{9A19103F-16F7-4668-BE54-9A1E7A4F7556}") = "Application", "Application\Application.csproj", "{78D05CE2-E8CD-4F4D-81DF-4446F325D578}"
EndProject
Project("{9A19103F-16F7-4668-BE54-9A1E7A4F7556}") = "Infrastructure", "Infrastructure\Infrastructure.csproj", "{CD0C09F7-802D-4633-AD64-D5B50DFFFE2D}"
EndProject
Project("{9A19103F-16F7-4668-BE54-9A1E7A4F7556}") = "BlazorApp", "BlazorApp\BlazorApp\BlazorApp.csproj", "{1EAA07A9-B46C-490D-BE53-15D843D2C1F9}"
EndProject
Project("{9A19103F-16F7-4668-BE54-9A1E7A4F7556}") = "BlazorApp.Client", "BlazorApp\BlazorApp.Client\BlazorApp.Client.csproj", "{13602B58-E761-4B7F-8052-B3E1CA6359D8}"
EndProject
Project("{9A19103F-16F7-4668-BE54-9A1E7A4F7556}") = "MudBlazorApp", "MudBlazorApp\MudBlazorApp.csproj", "{870615BB-5EA6-4495-AAA2-F86DB5309C94}"
EndProject
Global
	GlobalSection(SolutionConfigurationPlatforms) = preSolution
		Debug|Any CPU = Debug|Any CPU
		Release|Any CPU = Release|Any CPU
	EndGlobalSection
	GlobalSection(ProjectConfigurationPlatforms) = postSolution
		{57181C2D-A66F-494B-91C1-FD5F4F2EE68F}.Debug|Any CPU.ActiveCfg = Debug|Any CPU
		{57181C2D-A66F-494B-91C1-FD5F4F2EE68F}.Debug|Any CPU.Build.0 = Debug|Any CPU
		{57181C2D-A66F-494B-91C1-FD5F4F2EE68F}.Release|Any CPU.ActiveCfg = Release|Any CPU
		{57181C2D-A66F-494B-91C1-FD5F4F2EE68F}.Release|Any CPU.Build.0 = Release|Any CPU
		{31F42EBA-5F7C-44F9-BD59-4E53C4987189}.Debug|Any CPU.ActiveCfg = Debug|Any CPU
		{31F42EBA-5F7C-44F9-BD59-4E53C4987189}.Debug|Any CPU.Build.0 = Debug|Any CPU
		{31F42EBA-5F7C-44F9-BD59-4E53C4987189}.Release|Any CPU.ActiveCfg = Release|Any CPU
		{31F42EBA-5F7C-44F9-BD59-4E53C4987189}.Release|Any CPU.Build.0 = Release|Any CPU
		{6CB11CEF-602A-43B8-89A8-CA807FF0F1ED}.Debug|Any CPU.ActiveCfg = Debug|Any CPU
		{6CB11CEF-602A-43B8-89A8-CA807FF0F1ED}.Debug|Any CPU.Build.0 = Debug|Any CPU
		{6CB11CEF-602A-43B8-89A8-CA807FF0F1ED}.Release|Any CPU.ActiveCfg = Release|Any CPU
		{6CB11CEF-602A-43B8-89A8-CA807FF0F1ED}.Release|Any CPU.Build.0 = Release|Any CPU
		{78D05CE2-E8CD-4F4D-81DF-4446F325D578}.Debug|Any CPU.ActiveCfg = Debug|Any CPU
		{78D05CE2-E8CD-4F4D-81DF-4446F325D578}.Debug|Any CPU.Build.0 = Debug|Any CPU
		{78D05CE2-E8CD-4F4D-81DF-4446F325D578}.Release|Any CPU.ActiveCfg = Release|Any CPU
		{78D05CE2-E8CD-4F4D-81DF-4446F325D578}.Release|Any CPU.Build.0 = Release|Any CPU
		{CD0C09F7-802D-4633-AD64-D5B50DFFFE2D}.Debug|Any CPU.ActiveCfg = Debug|Any CPU
		{CD0C09F7-802D-4633-AD64-D5B50DFFFE2D}.Debug|Any CPU.Build.0 = Debug|Any CPU
		{CD0C09F7-802D-4633-AD64-D5B50DFFFE2D}.Release|Any CPU.ActiveCfg = Release|Any CPU
		{CD0C09F7-802D-4633-AD64-D5B50DFFFE2D}.Release|Any CPU.Build.0 = Release|Any CPU
		{1EAA07A9-B46C-490D-BE53-15D843D2C1F9}.Debug|Any CPU.ActiveCfg = Debug|Any CPU
		{1EAA07A9-B46C-490D-BE53-15D843D2C1F9}.Debug|Any CPU.Build.0 = Debug|Any CPU
		{1EAA07A9-B46C-490D-BE53-15D843D2C1F9}.Release|Any CPU.ActiveCfg = Release|Any CPU
		{1EAA07A9-B46C-490D-BE53-15D843D2C1F9}.Release|Any CPU.Build.0 = Release|Any CPU
		{13602B58-E761-4B7F-8052-B3E1CA6359D8}.Debug|Any CPU.ActiveCfg = Debug|Any CPU
		{13602B58-E761-4B7F-8052-B3E1CA6359D8}.Debug|Any CPU.Build.0 = Debug|Any CPU
		{13602B58-E761-4B7F-8052-B3E1CA6359D8}.Release|Any CPU.ActiveCfg = Release|Any CPU
		{13602B58-E761-4B7F-8052-B3E1CA6359D8}.Release|Any CPU.Build.0 = Release|Any CPU
		{870615BB-5EA6-4495-AAA2-F86DB5309C94}.Debug|Any CPU.ActiveCfg = Debug|Any CPU
		{870615BB-5EA6-4495-AAA2-F86DB5309C94}.Debug|Any CPU.Build.0 = Debug|Any CPU
		{870615BB-5EA6-4495-AAA2-F86DB5309C94}.Release|Any CPU.ActiveCfg = Release|Any CPU
		{870615BB-5EA6-4495-AAA2-F86DB5309C94}.Release|Any CPU.Build.0 = Release|Any CPU
	EndGlobalSection
	GlobalSection(SolutionProperties) = preSolution
		HideSolutionNode = FALSE
	EndGlobalSection
	GlobalSection(ExtensibilityGlobals) = postSolution
		SolutionGuid = {A6984495-F5F4-4CE1-8468-67FA86C54EE9}
	EndGlobalSection
EndGlobal
